
Microsoft Visual Studio Solution File, Format Version 12.00
# Visual Studio Version 17
VisualStudioVersion = 17.3.32922.545
MinimumVisualStudioVersion = 10.0.40219.1
Project("{FAE04EC0-301F-11D3-BF4B-00C04F79EFBC}") = "Dictionary Exam(WPF)", "Dictionary Exam(WPF)\Dictionary Exam(WPF).csproj", "{2DAFE069-DC0A-434B-8117-8914D2887CDA}"
EndProject
Global
	GlobalSection(SolutionConfigurationPlatforms) = preSolution
		Debug|Any CPU = Debug|Any CPU
		Release|Any CPU = Release|Any CPU
	EndGlobalSection
	GlobalSection(ProjectConfigurationPlatforms) = postSolution
		{2DAFE069-DC0A-434B-8117-8914D2887CDA}.Debug|Any CPU.ActiveCfg = Debug|Any CPU
		{2DAFE069-DC0A-434B-8117-8914D2887CDA}.Debug|Any CPU.Build.0 = Debug|Any CPU
		{2DAFE069-DC0A-434B-8117-8914D2887CDA}.Release|Any CPU.ActiveCfg = Release|Any CPU
		{2DAFE069-DC0A-434B-8117-8914D2887CDA}.Release|Any CPU.Build.0 = Release|Any CPU
	EndGlobalSection
	GlobalSection(SolutionProperties) = preSolution
		HideSolutionNode = FALSE
	EndGlobalSection
	GlobalSection(ExtensibilityGlobals) = postSolution
		SolutionGuid = {490C3FC0-6F6A-488B-B214-3B329C5C82B2}
	EndGlobalSection
EndGlobal
